Microsoft Visual Studio Solution File, Format Version 11.00
# Visual Studio 2008

Project("{8F9F5CFC-63B7-0081-166C-F386E53F2452}") = "Game_Tech_Project3", "Assembly-CSharp.csproj", "{79471B1C-6234-0F37-800B-4EACFF7C2D88}"
EndProject
Global
	GlobalSection(SolutionConfigurationPlatforms) = preSolution
		Debug|Any CPU = Debug|Any CPU
		Release|Any CPU = Release|Any CPU
	EndGlobalSection
	GlobalSection(ProjectConfigurationPlatforms) = postSolution
		{79471B1C-6234-0F37-800B-4EACFF7C2D88}.Debug|Any CPU.ActiveCfg = Debug|Any CPU
		{79471B1C-6234-0F37-800B-4EACFF7C2D88}.Debug|Any CPU.Build.0 = Debug|Any CPU
		{79471B1C-6234-0F37-800B-4EACFF7C2D88}.Release|Any CPU.ActiveCfg = Release|Any CPU
		{79471B1C-6234-0F37-800B-4EACFF7C2D88}.Release|Any CPU.Build.0 = Release|Any CPU
	EndGlobalSection
	GlobalSection(SolutionProperties) = preSolution
		HideSolutionNode = FALSE
	EndGlobalSection
	GlobalSection(MonoDevelopProperties) = preSolution
		StartupItem = Assembly-CSharp.csproj
	EndGlobalSection
EndGlobal
